// !$*UTF8*$!
{
	archiveVersion = 1;
	classes = {
	};
	objectVersion = 48;
	objects = {

/* Begin PBXBuildFile section */
		494A40491F9693C7005754D7 /* ImageDetailViewController.m in Sources */ = {isa = PBXBuildFile; fileRef = 494A40481F9693C7005754D7 /* ImageDetailViewController.m */; };
		497B3C691F9660B20012EC41 /* AppDelegate.m in Sources */ = {isa = PBXBuildFile; fileRef = 497B3C681F9660B20012EC41 /* AppDelegate.m */; };
		497B3C6F1F9660B20012EC41 /* Main.storyboard in Resources */ = {isa = PBXBuildFile; fileRef = 497B3C6D1F9660B20012EC41 /* Main.storyboard */; };
		497B3C711F9660B20012EC41 /* Assets.xcassets in Resources */ = {isa = PBXBuildFile; fileRef = 497B3C701F9660B20012EC41 /* Assets.xcassets */; };
		497B3C741F9660B20012EC41 /* LaunchScreen.storyboard in Resources */ = {isa = PBXBuildFile; fileRef = 497B3C721F9660B20012EC41 /* LaunchScreen.storyboard */; };
		497B3C771F9660B20012EC41 /* main.m in Sources */ = {isa = PBXBuildFile; fileRef = 497B3C761F9660B20012EC41 /* main.m */; };
		497B3C821F9664650012EC41 /* GalleryViewController.m in Sources */ = {isa = PBXBuildFile; fileRef = 497B3C811F9664650012EC41 /* GalleryViewController.m */; };
		497B3C861F9681410012EC41 /* Images.xcassets in Resources */ = {isa = PBXBuildFile; fileRef = 497B3C831F9665580012EC41 /* Images.xcassets */; };
/* End PBXBuildFile section */

/* Begin PBXFileReference section */
		494A40471F9693C7005754D7 /* ImageDetailViewController.h */ = {isa = PBXFileReference; lastKnownFileType = sourcecode.c.h; path = ImageDetailViewController.h; sourceTree = "<group>"; };
		494A40481F9693C7005754D7 /* ImageDetailViewController.m */ = {isa = PBXFileReference; lastKnownFileType = sourcecode.c.objc; path = ImageDetailViewController.m; sourceTree = "<group>"; };
		497B3C641F9660B20012EC41 /* ScrollView Gallery.app */ = {isa = PBXFileReference; explicitFileType = wrapper.application; includeInIndex = 0; path = "ScrollView Gallery.app"; sourceTree = BUILT_PRODUCTS_DIR; };
		497B3C671F9660B20012EC41 /* AppDelegate.h */ = {isa = PBXFileReference; lastKnownFileType = sourcecode.c.h; path = AppDelegate.h; sourceTree = "<group>"; };
		497B3C681F9660B20012EC41 /* AppDelegate.m */ = {isa = PBXFileReference; lastKnownFileType = sourcecode.c.objc; path = AppDelegate.m; sourceTree = "<group>"; };
		497B3C6E1F9660B20012EC41 /* Base */ = {isa = PBXFileReference; lastKnownFileType = file.storyboard; name = Base; path = Base.lproj/Main.storyboard; sourceTree = "<group>"; };
		497B3C701F9660B20012EC41 /* Assets.xcassets */ = {isa = PBXFileReference; lastKnownFileType = folder.assetcatalog; path = Assets.xcassets; sourceTree = "<group>"; };
		497B3C731F9660B20012EC41 /* Base */ = {isa = PBXFileReference; lastKnownFileType = file.storyboard; name = Base; path = Base.lproj/LaunchScreen.storyboard; sourceTree = "<group>"; };
		497B3C751F9660B20012EC41 /* Info.plist */ = {isa = PBXFileReference; lastKnownFileType = text.plist.xml; path = Info.plist; sourceTree = "<group>"; };
		497B3C761F9660B20012EC41 /* main.m */ = {isa = PBXFileReference; lastKnownFileType = sourcecode.c.objc; path = main.m; sourceTree = "<group>"; };
		497B3C801F9664650012EC41 /* GalleryViewController.h */ = {isa = PBXFileReference; lastKnownFileType = sourcecode.c.h; path = GalleryViewController.h; sourceTree = "<group>"; };
		497B3C811F9664650012EC41 /* GalleryViewController.m */ = {isa = PBXFileReference; lastKnownFileType = sourcecode.c.objc; path = GalleryViewController.m; sourceTree = "<group>"; };
		497B3C831F9665580012EC41 /* Images.xcassets */ = {isa = PBXFileReference; lastKnownFileType = folder.assetcatalog; path = Images.xcassets; sourceTree = "<group>"; };
/* End PBXFileReference section */

/* Begin PBXFrameworksBuildPhase section */
		497B3C611F9660B10012EC41 /* Frameworks */ = {
			isa = PBXFrameworksBuildPhase;
			buildActionMask = 2147483647;
			files = (
			);
			runOnlyForDeploymentPostprocessing = 0;
		};
/* End PBXFrameworksBuildPhase section */

/* Begin PBXGroup section */
		497B3C5B1F9660B10012EC41 = {
			isa = PBXGroup;
			children = (
				497B3C661F9660B20012EC41 /* ScrollView Gallery */,
				497B3C651F9660B20012EC41 /* Products */,
			);
			sourceTree = "<group>";
		};
		497B3C651F9660B20012EC41 /* Products */ = {
			isa = PBXGroup;
			children = (
				497B3C641F9660B20012EC41 /* ScrollView Gallery.app */,
			);
			name = Products;
			sourceTree = "<group>";
		};
		497B3C661F9660B20012EC41 /* ScrollView Gallery */ = {
			isa = PBXGroup;
			children = (
				497B3C671F9660B20012EC41 /* AppDelegate.h */,
				497B3C681F9660B20012EC41 /* AppDelegate.m */,
				497B3C801F9664650012EC41 /* GalleryViewController.h */,
				497B3C811F9664650012EC41 /* GalleryViewController.m */,
				497B3C6D1F9660B20012EC41 /* Main.storyboard */,
				494A40471F9693C7005754D7 /* ImageDetailViewController.h */,
				494A40481F9693C7005754D7 /* ImageDetailViewController.m */,
				497B3C701F9660B20012EC41 /* Assets.xcassets */,
				497B3C831F9665580012EC41 /* Images.xcassets */,
				497B3C721F9660B20012EC41 /* LaunchScreen.storyboard */,
				497B3C751F9660B20012EC41 /* Info.plist */,
				497B3C761F9660B20012EC41 /* main.m */,
			);
			path = "ScrollView Gallery";
			sourceTree = "<group>";
		};
/* End PBXGroup section */

/* Begin PBXNativeTarget section */
		497B3C631F9660B10012EC41 /* ScrollView Gallery */ = {
			isa = PBXNativeTarget;
			buildConfigurationList = 497B3C7A1F9660B20012EC41 /* Build configuration list for PBXNativeTarget "ScrollView Gallery" */;
			buildPhases = (
				497B3C601F9660B10012EC41 /* Sources */,
				497B3C611F9660B10012EC41 /* Frameworks */,
				497B3C621F9660B10012EC41 /* Resources */,
			);
			buildRules = (
			);
			dependencies = (
			);
			name = "ScrollView Gallery";
			productName = "ScrollView Gallery";
			productReference = 497B3C641F9660B20012EC41 /* ScrollView Gallery.app */;
			productType = "com.apple.product-type.application";
		};
/* End PBXNativeTarget section */

/* Begin PBXProject section */
		497B3C5C1F9660B10012EC41 /* Project object */ = {
			isa = PBXProject;
			attributes = {
				LastUpgradeCheck = 0900;
				ORGANIZATIONNAME = Andrew;
				TargetAttributes = {
					497B3C631F9660B10012EC41 = {
						CreatedOnToolsVersion = 9.0;
						ProvisioningStyle = Automatic;
					};
				};
			};
			buildConfigurationList = 497B3C5F1F9660B10012EC41 /* Build configuration list for PBXProject "ScrollView Gallery" */;
			compatibilityVersion = "Xcode 8.0";
			developmentRegion = en;
			hasScannedForEncodings = 0;
			knownRegions = (
				en,
				Base,
			);
			mainGroup = 497B3C5B1F9660B10012EC41;
			productRefGroup = 497B3C651F9660B20012EC41 /* Products */;
			projectDirPath = "";
			projectRoot = "";
			targets = (
				497B3C631F9660B10012EC41 /* ScrollView Gallery */,
			);
		};
/* End PBXProject section */

/* Begin PBXResourcesBuildPhase section */
		497B3C621F9660B10012EC41 /* Resources */ = {
			isa = PBXResourcesBuildPhase;
			buildActionMask = 2147483647;
			files = (
				497B3C741F9660B20012EC41 /* LaunchScreen.storyboard in Resources */,
				497B3C861F9681410012EC41 /* Images.xcassets in Resources */,
				497B3C711F9660B20012EC41 /* Assets.xcassets in Resources */,
				497B3C6F1F9660B20012EC41 /* Main.storyboard in Resources */,
			);
			runOnlyForDeploymentPostprocessing = 0;
		};
/* End PBXResourcesBuildPhase section */

/* Begin PBXSourcesBuildPhase section */
		497B3C601F9660B10012EC41 /* Sources */ = {
			isa = PBXSourcesBuildPhase;
			buildActionMask = 2147483647;
			files = (
				497B3C771F9660B20012EC41 /* main.m in Sources */,
				497B3C691F9660B20012EC41 /* AppDelegate.m in Sources */,
				497B3C821F9664650012EC41 /* GalleryViewController.m in Sources */,
				494A40491F9693C7005754D7 /* ImageDetailViewController.m in Sources */,
			);
			runOnlyForDeploymentPostprocessing = 0;
		};
/* End PBXSourcesBuildPhase section */

/* Begin PBXVariantGroup section */
		497B3C6D1F9660B20012EC41 /* Main.storyboard */ = {
			isa = PBXVariantGroup;
			children = (
				497B3C6E1F9660B20012EC41 /* Base */,
			);
			name = Main.storyboard;
			sourceTree = "<group>";
		};
		497B3C721F9660B20012EC41 /* LaunchScreen.storyboard */ = {
			isa = PBXVariantGroup;
			children = (
				497B3C731F9660B20012EC41 /* Base */,
			);
			name = LaunchScreen.storyboard;
			sourceTree = "<group>";
		};
/* End PBXVariantGroup section */

/* Begin XCBuildConfiguration section */
		497B3C781F9660B20012EC41 /* Debug */ = {
			isa = XCBuildConfiguration;
			buildSettings = {
				ALWAYS_SEARCH_USER_PATHS = NO;
				CLANG_ANALYZER_NONNULL = YES;
				CLANG_ANALYZER_NUMBER_OBJECT_CONVERSION = YES_AGGRESSIVE;
				CLANG_CXX_LANGUAGE_STANDARD = "gnu++14";
				CLANG_CXX_LIBRARY = "libc++";
				CLANG_ENABLE_MODULES = YES;
				CLANG_ENABLE_OBJC_ARC = YES;
				CLANG_WARN_BLOCK_CAPTURE_AUTORELEASING = YES;
				CLANG_WARN_BOOL_CONVERSION = YES;
				CLANG_WARN_COMMA = YES;
				CLANG_WARN_CONSTANT_CONVERSION = YES;
				CLANG_WARN_DIRECT_OBJC_ISA_USAGE = YES_ERROR;
				CLANG_WARN_DOCUMENTATION_COMMENTS = YES;
				CLANG_WARN_EMPTY_BODY = YES;
				CLANG_WARN_ENUM_CONVERSION = YES;
				CLANG_WARN_INFINITE_RECURSION = YES;
				CLANG_WARN_INT_CONVERSION = YES;
				CLANG_WARN_NON_LITERAL_NULL_CONVERSION = YES;
				CLANG_WARN_OBJC_LITERAL_CONVERSION = YES;
				CLANG_WARN_OBJC_ROOT_CLASS = YES_ERROR;
				CLANG_WARN_RANGE_LOOP_ANALYSIS = YES;
				CLANG_WARN_STRICT_PROTOTYPES = YES;
				CLANG_WARN_SUSPICIOUS_MOVE = YES;
				CLANG_WARN_UNGUARDED_AVAILABILITY = YES_AGGRESSIVE;
				CLANG_WARN_UNREACHABLE_CODE = YES;
				CLANG_WARN__DUPLICATE_METHOD_MATCH = YES;
				CODE_SIGN_IDENTITY = "iPhone Developer";
				COPY_PHASE_STRIP = NO;
				DEBUG_INFORMATION_FORMAT = dwarf;
				ENABLE_STRICT_OBJC_MSGSEND = YES;
				ENABLE_TESTABILITY = YES;
				GCC_C_LANGUAGE_STANDARD = gnu11;
				GCC_DYNAMIC_NO_PIC = NO;
				GCC_NO_COMMON_BLOCKS = YES;
				GCC_OPTIMIZATION_LEVEL = 0;
				GCC_PREPROCESSOR_DEFINITIONS = (
					"DEBUG=1",
					"$(inherited)",
				);
				GCC_WARN_64_TO_32_BIT_CONVERSION = YES;
				GCC_WARN_ABOUT_RETURN_TYPE = YES_ERROR;
				GCC_WARN_UNDECLARED_SELECTOR = YES;
				GCC_WARN_UNINITIALIZED_AUTOS = YES_AGGRESSIVE;
				GCC_WARN_UNUSED_FUNCTION = YES;
				GCC_WARN_UNUSED_VARIABLE = YES;
				IPHONEOS_DEPLOYMENT_TARGET = 11.0;
				MTL_ENABLE_DEBUG_INFO = YES;
				ONLY_ACTIVE_ARCH = YES;
				SDKROOT = iphoneos;
			};
			name = Debug;
		};
		497B3C791F9660B20012EC41 /* Release */ = {
			isa = XCBuildConfiguration;
			buildSettings = {
				ALWAYS_SEARCH_USER_PATHS = NO;
				CLANG_ANALYZER_NONNULL = YES;
				CLANG_ANALYZER_NUMBER_OBJECT_CONVERSION = YES_AGGRESSIVE;
				CLANG_CXX_LANGUAGE_STANDARD = "gnu++14";
				CLANG_CXX_LIBRARY = "libc++";
				CLANG_ENABLE_MODULES = YES;
				CLANG_ENABLE_OBJC_ARC = YES;
				CLANG_WARN_BLOCK_CAPTURE_AUTORELEASING = YES;
				CLANG_WARN_BOOL_CONVERSION = YES;
				CLANG_WARN_COMMA = YES;
				CLANG_WARN_CONSTANT_CONVERSION = YES;
				CLANG_WARN_DIRECT_OBJC_ISA_USAGE = YES_ERROR;
				CLANG_WARN_DOCUMENTATION_COMMENTS = YES;
				CLANG_WARN_EMPTY_BODY = YES;
				CLANG_WARN_ENUM_CONVERSION = YES;
				CLANG_WARN_INFINITE_RECURSION = YES;
				CLANG_WARN_INT_CONVERSION = YES;
				CLANG_WARN_NON_LITERAL_NULL_CONVERSION = YES;
				CLANG_WARN_OBJC_LITERAL_CONVERSION = YES;
				CLANG_WARN_OBJC_ROOT_CLASS = YES_ERROR;
				CLANG_WARN_RANGE_LOOP_ANALYSIS = YES;
				CLANG_WARN_STRICT_PROTOTYPES = YES;
				CLANG_WARN_SUSPICIOUS_MOVE = YES;
				CLANG_WARN_UNGUARDED_AVAILABILITY = YES_AGGRESSIVE;
				CLANG_WARN_UNREACHABLE_CODE = YES;
				CLANG_WARN__DUPLICATE_METHOD_MATCH = YES;
				CODE_SIGN_IDENTITY = "iPhone Developer";
				COPY_PHASE_STRIP = NO;
				DEBUG_INFORMATION_FORMAT = "dwarf-with-dsym";
				ENABLE_NS_ASSERTIONS = NO;
				ENABLE_STRICT_OBJC_MSGSEND = YES;
				GCC_C_LANGUAGE_STANDARD = gnu11;
				GCC_NO_COMMON_BLOCKS = YES;
				GCC_WARN_64_TO_32_BIT_CONVERSION = YES;
				GCC_WARN_ABOUT_RETURN_TYPE = YES_ERROR;
				GCC_WARN_UNDECLARED_SELECTOR = YES;
				GCC_WARN_UNINITIALIZED_AUTOS = YES_AGGRESSIVE;
				GCC_WARN_UNUSED_FUNCTION = YES;
				GCC_WARN_UNUSED_VARIABLE = YES;
				IPHONEOS_DEPLOYMENT_TARGET = 11.0;
				MTL_ENABLE_DEBUG_INFO = NO;
				SDKROOT = iphoneos;
				VALIDATE_PRODUCT = YES;
			};
			name = Release;
		};
		497B3C7B1F9660B20012EC41 /* Debug */ = {
			isa = XCBuildConfiguration;
			buildSettings = {
				ASSETCATALOG_COMPILER_APPICON_NAME = AppIcon;
				CODE_SIGN_STYLE = Automatic;
				DEVELOPMENT_TEAM = T5E8L2XP69;
				INFOPLIST_FILE = "ScrollView Gallery/Info.plist";
				LD_RUNPATH_SEARCH_PATHS = "$(inherited) @executable_path/Frameworks";
				PRODUCT_BUNDLE_IDENTIFIER = "hearthedge.ScrollView-Gallery";
				PRODUCT_NAME = "$(TARGET_NAME)";
				TARGETED_DEVICE_FAMILY = 1;
			};
			name = Debug;
		};
		497B3C7C1F9660B20012EC41 /* Release */ = {
			isa = XCBuildConfiguration;
			buildSettings = {
				ASSETCATALOG_COMPILER_APPICON_NAME = AppIcon;
				CODE_SIGN_STYLE = Automatic;
				DEVELOPMENT_TEAM = T5E8L2XP69;
				INFOPLIST_FILE = "ScrollView Gallery/Info.plist";
				LD_RUNPATH_SEARCH_PATHS = "$(inherited) @executable_path/Frameworks";
				PRODUCT_BUNDLE_IDENTIFIER = "hearthedge.ScrollView-Gallery";
				PRODUCT_NAME = "$(TARGET_NAME)";
				TARGETED_DEVICE_FAMILY = 1;
			};
			name = Release;
		};
/* End XCBuildConfiguration section */

/* Begin XCConfigurationList section */
		497B3C5F1F9660B10012EC41 /* Build configuration list for PBXProject "ScrollView Gallery" */ = {
			isa = XCConfigurationList;
			buildConfigurations = (
				497B3C781F9660B20012EC41 /* Debug */,
				497B3C791F9660B20012EC41 /* Release */,
			);
			defaultConfigurationIsVisible = 0;
			defaultConfigurationName = Release;
		};
		497B3C7A1F9660B20012EC41 /* Build configuration list for PBXNativeTarget "ScrollView Gallery" */ = {
			isa = XCConfigurationList;
			buildConfigurations = (
				497B3C7B1F9660B20012EC41 /* Debug */,
				497B3C7C1F9660B20012EC41 /* Release */,
			);
			defaultConfigurationIsVisible = 0;
			defaultConfigurationName = Release;
		};
/* End XCConfigurationList section */
	};
	rootObject = 497B3C5C1F9660B10012EC41 /* Project object */;
}
